
Microsoft Visual Studio Solution File, Format Version 12.00
# Visual Studio Version 17
VisualStudioVersion = 17.11.35208.52
MinimumVisualStudioVersion = 10.0.40219.1
Project("{FAE04EC0-301F-11D3-BF4B-00C04F79EFBC}") = "ConsoleApp2", "ConsoleApp2.csproj", "{8DCB9EB1-C230-4A6C-83CA-5FB523E1FB6D}"
EndProject
Global
	GlobalSection(SolutionConfigurationPlatforms) = preSolution
		Debug|Any CPU = Debug|Any CPU
		Release|Any CPU = Release|Any CPU
	EndGlobalSection
	GlobalSection(ProjectConfigurationPlatforms) = postSolution
		{8DCB9EB1-C230-4A6C-83CA-5FB523E1FB6D}.Debug|Any CPU.ActiveCfg = Debug|Any CPU
		{8DCB9EB1-C230-4A6C-83CA-5FB523E1FB6D}.Debug|Any CPU.Build.0 = Debug|Any CPU
		{8DCB9EB1-C230-4A6C-83CA-5FB523E1FB6D}.Release|Any CPU.ActiveCfg = Release|Any CPU
		{8DCB9EB1-C230-4A6C-83CA-5FB523E1FB6D}.Release|Any CPU.Build.0 = Release|Any CPU
	EndGlobalSection
	GlobalSection(SolutionProperties) = preSolution
		HideSolutionNode = FALSE
	EndGlobalSection
	GlobalSection(ExtensibilityGlobals) = postSolution
		SolutionGuid = {B4DB04C5-02E5-490F-B130-39572B009692}
	EndGlobalSection
EndGlobal
