
Microsoft Visual Studio Solution File, Format Version 12.00
# Visual Studio Version 17
VisualStudioVersion = 17.11.35208.52
MinimumVisualStudioVersion = 10.0.40219.1
Project("{FAE04EC0-301F-11D3-BF4B-00C04F79EFBC}") = "ConsoleApp4", "ConsoleApp4.csproj", "{B2B38442-D874-4FE1-8DB6-0978B05138B4}"
EndProject
Global
	GlobalSection(SolutionConfigurationPlatforms) = preSolution
		Debug|Any CPU = Debug|Any CPU
		Release|Any CPU = Release|Any CPU
	EndGlobalSection
	GlobalSection(ProjectConfigurationPlatforms) = postSolution
		{B2B38442-D874-4FE1-8DB6-0978B05138B4}.Debug|Any CPU.ActiveCfg = Debug|Any CPU
		{B2B38442-D874-4FE1-8DB6-0978B05138B4}.Debug|Any CPU.Build.0 = Debug|Any CPU
		{B2B38442-D874-4FE1-8DB6-0978B05138B4}.Release|Any CPU.ActiveCfg = Release|Any CPU
		{B2B38442-D874-4FE1-8DB6-0978B05138B4}.Release|Any CPU.Build.0 = Release|Any CPU
	EndGlobalSection
	GlobalSection(SolutionProperties) = preSolution
		HideSolutionNode = FALSE
	EndGlobalSection
	GlobalSection(ExtensibilityGlobals) = postSolution
		SolutionGuid = {08358F20-B713-45C9-8E5A-552E2C9B31EB}
	EndGlobalSection
EndGlobal
